
Microsoft Visual Studio Solution File, Format Version 12.00
# Visual Studio Version 17
VisualStudioVersion = 17.13.35825.156 d17.13
MinimumVisualStudioVersion = 10.0.40219.1
Project("{FAE04EC0-301F-11D3-BF4B-00C04F79EFBC}") = "07_Exam", "07_Exam\07_Exam.csproj", "{E9345271-DEA4-45B0-9D68-1314C0009EFF}"
EndProject
Project("{FAE04EC0-301F-11D3-BF4B-00C04F79EFBC}") = "DbInitilizer", "DbInitilizer\DbInitilizer.csproj", "{9A423039-EC06-47D8-8EEB-20B4899CBBF2}"
EndProject
Project("{FAE04EC0-301F-11D3-BF4B-00C04F79EFBC}") = "Library", "Library\Library.csproj", "{54BAC1D6-AA22-4B3D-B511-9AFDFA8A72A4}"
EndProject
Global
	GlobalSection(SolutionConfigurationPlatforms) = preSolution
		Debug|Any CPU = Debug|Any CPU
		Release|Any CPU = Release|Any CPU
	EndGlobalSection
	GlobalSection(ProjectConfigurationPlatforms) = postSolution
		{E9345271-DEA4-45B0-9D68-1314C0009EFF}.Debug|Any CPU.ActiveCfg = Debug|Any CPU
		{E9345271-DEA4-45B0-9D68-1314C0009EFF}.Debug|Any CPU.Build.0 = Debug|Any CPU
		{E9345271-DEA4-45B0-9D68-1314C0009EFF}.Release|Any CPU.ActiveCfg = Release|Any CPU
		{E9345271-DEA4-45B0-9D68-1314C0009EFF}.Release|Any CPU.Build.0 = Release|Any CPU
		{9A423039-EC06-47D8-8EEB-20B4899CBBF2}.Debug|Any CPU.ActiveCfg = Debug|Any CPU
		{9A423039-EC06-47D8-8EEB-20B4899CBBF2}.Debug|Any CPU.Build.0 = Debug|Any CPU
		{9A423039-EC06-47D8-8EEB-20B4899CBBF2}.Release|Any CPU.ActiveCfg = Release|Any CPU
		{9A423039-EC06-47D8-8EEB-20B4899CBBF2}.Release|Any CPU.Build.0 = Release|Any CPU
		{54BAC1D6-AA22-4B3D-B511-9AFDFA8A72A4}.Debug|Any CPU.ActiveCfg = Debug|Any CPU
		{54BAC1D6-AA22-4B3D-B511-9AFDFA8A72A4}.Debug|Any CPU.Build.0 = Debug|Any CPU
		{54BAC1D6-AA22-4B3D-B511-9AFDFA8A72A4}.Release|Any CPU.ActiveCfg = Release|Any CPU
		{54BAC1D6-AA22-4B3D-B511-9AFDFA8A72A4}.Release|Any CPU.Build.0 = Release|Any CPU
	EndGlobalSection
	GlobalSection(SolutionProperties) = preSolution
		HideSolutionNode = FALSE
	EndGlobalSection
	GlobalSection(ExtensibilityGlobals) = postSolution
		SolutionGuid = {E1BD0719-19F9-46F0-98BF-1E6DC5B4B422}
	EndGlobalSection
EndGlobal
